
Microsoft Visual Studio Solution File, Format Version 12.00
# Visual Studio 15
VisualStudioVersion = 15.0.26730.15
MinimumVisualStudioVersion = 10.0.40219.1
Project("{FAE04EC0-301F-11D3-BF4B-00C04F79EFBC}") = "toyshop", "toyshop\toyshop.csproj", "{50C8C454-94F6-409A-9E0B-868B827F743C}"
EndProject
Global
	GlobalSection(SolutionConfigurationPlatforms) = preSolution
		Debug|Any CPU = Debug|Any CPU
		Release|Any CPU = Release|Any CPU
	EndGlobalSection
	GlobalSection(ProjectConfigurationPlatforms) = postSolution
		{50C8C454-94F6-409A-9E0B-868B827F743C}.Debug|Any CPU.ActiveCfg = Debug|Any CPU
		{50C8C454-94F6-409A-9E0B-868B827F743C}.Debug|Any CPU.Build.0 = Debug|Any CPU
		{50C8C454-94F6-409A-9E0B-868B827F743C}.Release|Any CPU.ActiveCfg = Release|Any CPU
		{50C8C454-94F6-409A-9E0B-868B827F743C}.Release|Any CPU.Build.0 = Release|Any CPU
	EndGlobalSection
	GlobalSection(SolutionProperties) = preSolution
		HideSolutionNode = FALSE
	EndGlobalSection
	GlobalSection(ExtensibilityGlobals) = postSolution
		SolutionGuid = {931DC405-CF96-46E7-9749-1515882B1378}
	EndGlobalSection
EndGlobal
